{
  "name": "p1",
  "version": "1.0.0",
  "lockfileVersion": 1,
  "requires": true,
  "dependencies": {
    "require-from-path": {
      "version": "1.0.2",
      "resolved": "https://registry.npmjs.org/require-from-path/-/require-from-path-1.0.2.tgz",
      "integrity": "sha512-hZrak6935a0RVpx6SFJg59IhRuwWkOBX4VPevL8iyxwoT8ep+ILMziLd1f6s5UCeZ6ckEk06xvfAe2I+3IpUaQ=="
    }
  }
}
